
Microsoft Visual Studio Solution File, Format Version 12.00
# Visual Studio 15
Project("{FAE04EC0-301F-11D3-BF4B-00C04F79EFBC}") = "Assembly-CSharp", "Assembly-CSharp.csproj", "{81B0A6A7-84EC-D676-44E9-9BA813803C33}"
EndProject
Project("{FAE04EC0-301F-11D3-BF4B-00C04F79EFBC}") = "PathCreator", "PathCreator.csproj", "{EAB366B5-9F3B-FB83-6B34-DC9C12581061}"
EndProject
Project("{FAE04EC0-301F-11D3-BF4B-00C04F79EFBC}") = "PathCreatorEditor", "PathCreatorEditor.csproj", "{1C91FA4C-B2F7-E1F0-F6D9-0D0C2B7C4451}"
EndProject
Global
	GlobalSection(SolutionConfigurationPlatforms) = preSolution
		Debug|Any CPU = Debug|Any CPU
		Release|Any CPU = Release|Any CPU
	EndGlobalSection
	GlobalSection(ProjectConfigurationPlatforms) = postSolution
		{81B0A6A7-84EC-D676-44E9-9BA813803C33}.Debug|Any CPU.ActiveCfg = Debug|Any CPU
		{81B0A6A7-84EC-D676-44E9-9BA813803C33}.Debug|Any CPU.Build.0 = Debug|Any CPU
		{81B0A6A7-84EC-D676-44E9-9BA813803C33}.Release|Any CPU.ActiveCfg = Release|Any CPU
		{81B0A6A7-84EC-D676-44E9-9BA813803C33}.Release|Any CPU.Build.0 = Release|Any CPU
		{EAB366B5-9F3B-FB83-6B34-DC9C12581061}.Debug|Any CPU.ActiveCfg = Debug|Any CPU
		{EAB366B5-9F3B-FB83-6B34-DC9C12581061}.Debug|Any CPU.Build.0 = Debug|Any CPU
		{EAB366B5-9F3B-FB83-6B34-DC9C12581061}.Release|Any CPU.ActiveCfg = Release|Any CPU
		{EAB366B5-9F3B-FB83-6B34-DC9C12581061}.Release|Any CPU.Build.0 = Release|Any CPU
		{1C91FA4C-B2F7-E1F0-F6D9-0D0C2B7C4451}.Debug|Any CPU.ActiveCfg = Debug|Any CPU
		{1C91FA4C-B2F7-E1F0-F6D9-0D0C2B7C4451}.Debug|Any CPU.Build.0 = Debug|Any CPU
		{1C91FA4C-B2F7-E1F0-F6D9-0D0C2B7C4451}.Release|Any CPU.ActiveCfg = Release|Any CPU
		{1C91FA4C-B2F7-E1F0-F6D9-0D0C2B7C4451}.Release|Any CPU.Build.0 = Release|Any CPU
	EndGlobalSection
	GlobalSection(SolutionProperties) = preSolution
		HideSolutionNode = FALSE
	EndGlobalSection
EndGlobal
